
Microsoft Visual Studio Solution File, Format Version 12.00
# Visual Studio Version 16
VisualStudioVersion = 16.0.29418.71
MinimumVisualStudioVersion = 10.0.40219.1
Project("{FAE04EC0-301F-11D3-BF4B-00C04F79EFBC}") = "NetCore3WpfDependencyInjection", "NetCore3WpfDependencyInjection\NetCore3WpfDependencyInjection.csproj", "{EFC36208-5E98-43C1-B207-6032245AA039}"
EndProject
Global
	GlobalSection(SolutionConfigurationPlatforms) = preSolution
		Debug|Any CPU = Debug|Any CPU
		Release|Any CPU = Release|Any CPU
	EndGlobalSection
	GlobalSection(ProjectConfigurationPlatforms) = postSolution
		{EFC36208-5E98-43C1-B207-6032245AA039}.Debug|Any CPU.ActiveCfg = Debug|Any CPU
		{EFC36208-5E98-43C1-B207-6032245AA039}.Debug|Any CPU.Build.0 = Debug|Any CPU
		{EFC36208-5E98-43C1-B207-6032245AA039}.Release|Any CPU.ActiveCfg = Release|Any CPU
		{EFC36208-5E98-43C1-B207-6032245AA039}.Release|Any CPU.Build.0 = Release|Any CPU
	EndGlobalSection
	GlobalSection(SolutionProperties) = preSolution
		HideSolutionNode = FALSE
	EndGlobalSection
	GlobalSection(ExtensibilityGlobals) = postSolution
		SolutionGuid = {038D36F0-D6AB-4E07-9995-2A51F7A5EFF5}
	EndGlobalSection
EndGlobal
